
Microsoft Visual Studio Solution File, Format Version 12.00
# Visual Studio Version 17
VisualStudioVersion = 17.4.33110.190
MinimumVisualStudioVersion = 10.0.40219.1
Project("{9A19103F-16F7-4668-BE54-9A1E7A4F7556}") = "OopsConcepts", "OopsConcepts.csproj", "{B8821ADE-7B39-49FF-9D98-6BA2040C88D6}"
EndProject
Project("{9A19103F-16F7-4668-BE54-9A1E7A4F7556}") = "Inheritance", "..\Inheritance\Inheritance.csproj", "{29493C29-D988-452E-B7EF-02FE9231834C}"
EndProject
Project("{FAE04EC0-301F-11D3-BF4B-00C04F79EFBC}") = "Polymorphism", "..\Polymorphism\Polymorphism.csproj", "{2C0A6095-F000-402B-891D-365F4D22D54B}"
EndProject
Global
	GlobalSection(SolutionConfigurationPlatforms) = preSolution
		Debug|Any CPU = Debug|Any CPU
		Release|Any CPU = Release|Any CPU
	EndGlobalSection
	GlobalSection(ProjectConfigurationPlatforms) = postSolution
		{B8821ADE-7B39-49FF-9D98-6BA2040C88D6}.Debug|Any CPU.ActiveCfg = Debug|Any CPU
		{B8821ADE-7B39-49FF-9D98-6BA2040C88D6}.Debug|Any CPU.Build.0 = Debug|Any CPU
		{B8821ADE-7B39-49FF-9D98-6BA2040C88D6}.Release|Any CPU.ActiveCfg = Release|Any CPU
		{B8821ADE-7B39-49FF-9D98-6BA2040C88D6}.Release|Any CPU.Build.0 = Release|Any CPU
		{29493C29-D988-452E-B7EF-02FE9231834C}.Debug|Any CPU.ActiveCfg = Debug|Any CPU
		{29493C29-D988-452E-B7EF-02FE9231834C}.Debug|Any CPU.Build.0 = Debug|Any CPU
		{29493C29-D988-452E-B7EF-02FE9231834C}.Release|Any CPU.ActiveCfg = Release|Any CPU
		{29493C29-D988-452E-B7EF-02FE9231834C}.Release|Any CPU.Build.0 = Release|Any CPU
		{2C0A6095-F000-402B-891D-365F4D22D54B}.Debug|Any CPU.ActiveCfg = Debug|Any CPU
		{2C0A6095-F000-402B-891D-365F4D22D54B}.Debug|Any CPU.Build.0 = Debug|Any CPU
		{2C0A6095-F000-402B-891D-365F4D22D54B}.Release|Any CPU.ActiveCfg = Release|Any CPU
		{2C0A6095-F000-402B-891D-365F4D22D54B}.Release|Any CPU.Build.0 = Release|Any CPU
	EndGlobalSection
	GlobalSection(SolutionProperties) = preSolution
		HideSolutionNode = FALSE
	EndGlobalSection
	GlobalSection(ExtensibilityGlobals) = postSolution
		SolutionGuid = {D1596A8F-AF2A-483F-A528-AA6A3CFF11FB}
	EndGlobalSection
EndGlobal
